
Microsoft Visual Studio Solution File, Format Version 12.00
# Visual Studio Version 17
VisualStudioVersion = 17.14.36408.4
MinimumVisualStudioVersion = 10.0.40219.1
Project("{FAE04EC0-301F-11D3-BF4B-00C04F79EFBC}") = "MrP.GenericResult", "MrP.GenericResult.csproj", "{3E1EFCBC-128B-DCF2-0B33-87AA2224ED07}"
EndProject
Global
	GlobalSection(SolutionConfigurationPlatforms) = preSolution
		Debug|Any CPU = Debug|Any CPU
		Release|Any CPU = Release|Any CPU
	EndGlobalSection
	GlobalSection(ProjectConfigurationPlatforms) = postSolution
		{3E1EFCBC-128B-DCF2-0B33-87AA2224ED07}.Debug|Any CPU.ActiveCfg = Debug|Any CPU
		{3E1EFCBC-128B-DCF2-0B33-87AA2224ED07}.Debug|Any CPU.Build.0 = Debug|Any CPU
		{3E1EFCBC-128B-DCF2-0B33-87AA2224ED07}.Release|Any CPU.ActiveCfg = Release|Any CPU
		{3E1EFCBC-128B-DCF2-0B33-87AA2224ED07}.Release|Any CPU.Build.0 = Release|Any CPU
	EndGlobalSection
	GlobalSection(SolutionProperties) = preSolution
		HideSolutionNode = FALSE
	EndGlobalSection
	GlobalSection(ExtensibilityGlobals) = postSolution
		SolutionGuid = {448814B6-4785-4247-93EC-FD6F1CBA4BAE}
	EndGlobalSection
EndGlobal
